
Microsoft Visual Studio Solution File, Format Version 12.00
# Visual Studio Version 17
VisualStudioVersion = 17.3.32929.385
MinimumVisualStudioVersion = 10.0.40219.1
Project("{FAE04EC0-301F-11D3-BF4B-00C04F79EFBC}") = "PatronProxy_ModeladoSoftware", "PatronProxy_ModeladoSoftware\PatronProxy_ModeladoSoftware.csproj", "{468E48D6-7B57-483A-BCBC-08BCC4D6D62A}"
EndProject
Global
	GlobalSection(SolutionConfigurationPlatforms) = preSolution
		Debug|Any CPU = Debug|Any CPU
		Release|Any CPU = Release|Any CPU
	EndGlobalSection
	GlobalSection(ProjectConfigurationPlatforms) = postSolution
		{468E48D6-7B57-483A-BCBC-08BCC4D6D62A}.Debug|Any CPU.ActiveCfg = Debug|Any CPU
		{468E48D6-7B57-483A-BCBC-08BCC4D6D62A}.Debug|Any CPU.Build.0 = Debug|Any CPU
		{468E48D6-7B57-483A-BCBC-08BCC4D6D62A}.Release|Any CPU.ActiveCfg = Release|Any CPU
		{468E48D6-7B57-483A-BCBC-08BCC4D6D62A}.Release|Any CPU.Build.0 = Release|Any CPU
	EndGlobalSection
	GlobalSection(SolutionProperties) = preSolution
		HideSolutionNode = FALSE
	EndGlobalSection
	GlobalSection(ExtensibilityGlobals) = postSolution
		SolutionGuid = {FF9C4BBF-D3BB-4C32-B1DE-F5481D70E656}
	EndGlobalSection
EndGlobal
